
Microsoft Visual Studio Solution File, Format Version 12.00
# Visual Studio 14
VisualStudioVersion = 14.0.25420.1
MinimumVisualStudioVersion = 10.0.40219.1
Project("{2150E333-8FDC-42A3-9474-1A3956D46DE8}") = "01. UI", "01. UI", "{5EF271E4-5631-4445-AA78-0A40D33E1BA0}"
EndProject
Project("{2150E333-8FDC-42A3-9474-1A3956D46DE8}") = "04. Infrastructure", "04. Infrastructure", "{E18E103A-8F93-4B36-9C12-0B335CFA44A9}"
EndProject
Project("{2150E333-8FDC-42A3-9474-1A3956D46DE8}") = "01. Services", "01. Services", "{0C0EB054-0704-4B42-BDED-F6A54712FF48}"
EndProject
Project("{2150E333-8FDC-42A3-9474-1A3956D46DE8}") = "02. Service Interfaces", "02. Service Interfaces", "{7FE2B4CC-0741-4424-B91A-53804045372D}"
EndProject
Project("{2150E333-8FDC-42A3-9474-1A3956D46DE8}") = "03. Domain", "03. Domain", "{74422080-26CC-41FC-A68D-B03A6A985AE4}"
EndProject
Project("{2150E333-8FDC-42A3-9474-1A3956D46DE8}") = "Data", "Data", "{9BD9EB4A-64EB-456E-9BC6-44D8BC0BF3E3}"
EndProject
Project("{FAE04EC0-301F-11D3-BF4B-00C04F79EFBC}") = "Randy.OnlineStore.Infrastructure.DataModel", "Randy.OnlineStore.Infrastructure.DataModel\Randy.OnlineStore.Infrastructure.DataModel.csproj", "{EEC707B0-7D06-4AA6-8918-67BBB15B2E2C}"
EndProject
Project("{2150E333-8FDC-42A3-9474-1A3956D46DE8}") = "Repository", "Repository", "{ABE92ADE-F902-46DE-A96D-9F280E1279BA}"
EndProject
Project("{FAE04EC0-301F-11D3-BF4B-00C04F79EFBC}") = "Randy.OnlineStore.Domain.Entities", "Randy.OnlineStore.Domain.Entities\Randy.OnlineStore.Domain.Entities.csproj", "{5022E2A1-5DE4-4BD4-9F1F-EA9A28C1E48B}"
EndProject
Project("{FAE04EC0-301F-11D3-BF4B-00C04F79EFBC}") = "Randy.OnlineStore.Domain.Interfaces", "Randy.OnlineStore.Domain.Interfaces\Randy.OnlineStore.Domain.Interfaces.csproj", "{EE93CC2A-90E7-44EB-9A01-332BF6854811}"
EndProject
Project("{FAE04EC0-301F-11D3-BF4B-00C04F79EFBC}") = "Randy.OnlineStore.ServiceInterfaces", "Randy.OnlineStore.ServiceInterfaces\Randy.OnlineStore.ServiceInterfaces.csproj", "{BE13E0CA-BB56-46AA-A7C4-363E49BFE1A7}"
EndProject
Project("{FAE04EC0-301F-11D3-BF4B-00C04F79EFBC}") = "Randy.OnlineStore.Services", "Randy.OnlineStore.Services\Randy.OnlineStore.Services.csproj", "{93876CA8-6829-4D42-B220-5ABCAD8356D9}"
EndProject
Project("{FAE04EC0-301F-11D3-BF4B-00C04F79EFBC}") = "Randy.OnlineStore.Infrastructure.Repository", "Randy.OnlineStore.Infrastructure.Repository\Randy.OnlineStore.Infrastructure.Repository.csproj", "{688A48DD-414A-46C4-B3DF-267366AF399F}"
EndProject
Project("{FAE04EC0-301F-11D3-BF4B-00C04F79EFBC}") = "Randy.OnlineStore.Test", "Randy.OnlineStore.Test\Randy.OnlineStore.Test.csproj", "{F311ADD6-6558-47E3-8434-F32D971BC822}"
EndProject
Project("{FAE04EC0-301F-11D3-BF4B-00C04F79EFBC}") = "Randy.OnlineStore.Site", "Randy.OnlineStore.Site\Randy.OnlineStore.Site.csproj", "{4ACA8347-E384-4F7B-8CA8-568D4B6E6D02}"
EndProject
Project("{2150E333-8FDC-42A3-9474-1A3956D46DE8}") = "Core", "Core", "{353D7068-4A5A-4201-AA3B-66C9140FC6EB}"
EndProject
Project("{2150E333-8FDC-42A3-9474-1A3956D46DE8}") = "03. Test", "03. Test", "{937D7EA9-45FA-4381-946E-240C6A2351F9}"
EndProject
Project("{2150E333-8FDC-42A3-9474-1A3956D46DE8}") = "02. API Services", "02. API Services", "{0BA99C58-644B-4293-834B-556DB6C7B154}"
EndProject
Project("{FAE04EC0-301F-11D3-BF4B-00C04F79EFBC}") = "Randy.OnlineStore.WebAPI", "Randy.OnlineStore.WebAPI\Randy.OnlineStore.WebAPI.csproj", "{565D60BA-D83B-4353-A8FB-0E650AD8B02D}"
EndProject
Global
	GlobalSection(SolutionConfigurationPlatforms) = preSolution
		Debug|Any CPU = Debug|Any CPU
		Release|Any CPU = Release|Any CPU
	EndGlobalSection
	GlobalSection(ProjectConfigurationPlatforms) = postSolution
		{EEC707B0-7D06-4AA6-8918-67BBB15B2E2C}.Debug|Any CPU.ActiveCfg = Debug|Any CPU
		{EEC707B0-7D06-4AA6-8918-67BBB15B2E2C}.Debug|Any CPU.Build.0 = Debug|Any CPU
		{EEC707B0-7D06-4AA6-8918-67BBB15B2E2C}.Release|Any CPU.ActiveCfg = Release|Any CPU
		{EEC707B0-7D06-4AA6-8918-67BBB15B2E2C}.Release|Any CPU.Build.0 = Release|Any CPU
		{5022E2A1-5DE4-4BD4-9F1F-EA9A28C1E48B}.Debug|Any CPU.ActiveCfg = Debug|Any CPU
		{5022E2A1-5DE4-4BD4-9F1F-EA9A28C1E48B}.Debug|Any CPU.Build.0 = Debug|Any CPU
		{5022E2A1-5DE4-4BD4-9F1F-EA9A28C1E48B}.Release|Any CPU.ActiveCfg = Release|Any CPU
		{5022E2A1-5DE4-4BD4-9F1F-EA9A28C1E48B}.Release|Any CPU.Build.0 = Release|Any CPU
		{EE93CC2A-90E7-44EB-9A01-332BF6854811}.Debug|Any CPU.ActiveCfg = Debug|Any CPU
		{EE93CC2A-90E7-44EB-9A01-332BF6854811}.Debug|Any CPU.Build.0 = Debug|Any CPU
		{EE93CC2A-90E7-44EB-9A01-332BF6854811}.Release|Any CPU.ActiveCfg = Release|Any CPU
		{EE93CC2A-90E7-44EB-9A01-332BF6854811}.Release|Any CPU.Build.0 = Release|Any CPU
		{BE13E0CA-BB56-46AA-A7C4-363E49BFE1A7}.Debug|Any CPU.ActiveCfg = Debug|Any CPU
		{BE13E0CA-BB56-46AA-A7C4-363E49BFE1A7}.Debug|Any CPU.Build.0 = Debug|Any CPU
		{BE13E0CA-BB56-46AA-A7C4-363E49BFE1A7}.Release|Any CPU.ActiveCfg = Release|Any CPU
		{BE13E0CA-BB56-46AA-A7C4-363E49BFE1A7}.Release|Any CPU.Build.0 = Release|Any CPU
		{93876CA8-6829-4D42-B220-5ABCAD8356D9}.Debug|Any CPU.ActiveCfg = Debug|Any CPU
		{93876CA8-6829-4D42-B220-5ABCAD8356D9}.Debug|Any CPU.Build.0 = Debug|Any CPU
		{93876CA8-6829-4D42-B220-5ABCAD8356D9}.Release|Any CPU.ActiveCfg = Release|Any CPU
		{93876CA8-6829-4D42-B220-5ABCAD8356D9}.Release|Any CPU.Build.0 = Release|Any CPU
		{688A48DD-414A-46C4-B3DF-267366AF399F}.Debug|Any CPU.ActiveCfg = Debug|Any CPU
		{688A48DD-414A-46C4-B3DF-267366AF399F}.Debug|Any CPU.Build.0 = Debug|Any CPU
		{688A48DD-414A-46C4-B3DF-267366AF399F}.Release|Any CPU.ActiveCfg = Release|Any CPU
		{688A48DD-414A-46C4-B3DF-267366AF399F}.Release|Any CPU.Build.0 = Release|Any CPU
		{F311ADD6-6558-47E3-8434-F32D971BC822}.Debug|Any CPU.ActiveCfg = Debug|Any CPU
		{F311ADD6-6558-47E3-8434-F32D971BC822}.Debug|Any CPU.Build.0 = Debug|Any CPU
		{F311ADD6-6558-47E3-8434-F32D971BC822}.Release|Any CPU.ActiveCfg = Release|Any CPU
		{F311ADD6-6558-47E3-8434-F32D971BC822}.Release|Any CPU.Build.0 = Release|Any CPU
		{4ACA8347-E384-4F7B-8CA8-568D4B6E6D02}.Debug|Any CPU.ActiveCfg = Debug|Any CPU
		{4ACA8347-E384-4F7B-8CA8-568D4B6E6D02}.Debug|Any CPU.Build.0 = Debug|Any CPU
		{4ACA8347-E384-4F7B-8CA8-568D4B6E6D02}.Release|Any CPU.ActiveCfg = Release|Any CPU
		{4ACA8347-E384-4F7B-8CA8-568D4B6E6D02}.Release|Any CPU.Build.0 = Release|Any CPU
		{565D60BA-D83B-4353-A8FB-0E650AD8B02D}.Debug|Any CPU.ActiveCfg = Debug|Any CPU
		{565D60BA-D83B-4353-A8FB-0E650AD8B02D}.Debug|Any CPU.Build.0 = Debug|Any CPU
		{565D60BA-D83B-4353-A8FB-0E650AD8B02D}.Release|Any CPU.ActiveCfg = Release|Any CPU
		{565D60BA-D83B-4353-A8FB-0E650AD8B02D}.Release|Any CPU.Build.0 = Release|Any CPU
	EndGlobalSection
	GlobalSection(SolutionProperties) = preSolution
		HideSolutionNode = FALSE
	EndGlobalSection
	GlobalSection(NestedProjects) = preSolution
		{0C0EB054-0704-4B42-BDED-F6A54712FF48} = {353D7068-4A5A-4201-AA3B-66C9140FC6EB}
		{7FE2B4CC-0741-4424-B91A-53804045372D} = {353D7068-4A5A-4201-AA3B-66C9140FC6EB}
		{74422080-26CC-41FC-A68D-B03A6A985AE4} = {353D7068-4A5A-4201-AA3B-66C9140FC6EB}
		{9BD9EB4A-64EB-456E-9BC6-44D8BC0BF3E3} = {E18E103A-8F93-4B36-9C12-0B335CFA44A9}
		{EEC707B0-7D06-4AA6-8918-67BBB15B2E2C} = {9BD9EB4A-64EB-456E-9BC6-44D8BC0BF3E3}
		{ABE92ADE-F902-46DE-A96D-9F280E1279BA} = {E18E103A-8F93-4B36-9C12-0B335CFA44A9}
		{5022E2A1-5DE4-4BD4-9F1F-EA9A28C1E48B} = {74422080-26CC-41FC-A68D-B03A6A985AE4}
		{EE93CC2A-90E7-44EB-9A01-332BF6854811} = {74422080-26CC-41FC-A68D-B03A6A985AE4}
		{BE13E0CA-BB56-46AA-A7C4-363E49BFE1A7} = {7FE2B4CC-0741-4424-B91A-53804045372D}
		{93876CA8-6829-4D42-B220-5ABCAD8356D9} = {0C0EB054-0704-4B42-BDED-F6A54712FF48}
		{688A48DD-414A-46C4-B3DF-267366AF399F} = {ABE92ADE-F902-46DE-A96D-9F280E1279BA}
		{F311ADD6-6558-47E3-8434-F32D971BC822} = {937D7EA9-45FA-4381-946E-240C6A2351F9}
		{4ACA8347-E384-4F7B-8CA8-568D4B6E6D02} = {5EF271E4-5631-4445-AA78-0A40D33E1BA0}
		{565D60BA-D83B-4353-A8FB-0E650AD8B02D} = {0BA99C58-644B-4293-834B-556DB6C7B154}
	EndGlobalSection
EndGlobal
